<Solution>
  <Folder Name="/Props/">
    <File Path="Directory.Build.props" />
    <File Path="Directory.Packages.props" />
  </Folder>
  <Folder Name="/Workflows/">
    <File Path=".github/workflows/PublishNuget.yaml" />
  </Folder>
  <Project Path="Nixon.Identity.OpenIddict.Extensions/Nixon.Identity.OpenIddict.Extensions.csproj" />
  <Project Path="Nixon.Identity.OpenIddict.Template/Nixon.Identity.OpenIddict.Template.csproj" />
</Solution>
